
Microsoft Visual Studio Solution File, Format Version 12.00
# Visual Studio 15
VisualStudioVersion = 15.0.26124.0
MinimumVisualStudioVersion = 15.0.26124.0
Project("{FAE04EC0-301F-11D3-BF4B-00C04F79EFBC}") = "BaltaStore.Api", "BaltaStore.Api\BaltaStore.Api.csproj", "{FA768CF0-0263-4D3E-A0B4-26ADCBB67979}"
EndProject
Project("{FAE04EC0-301F-11D3-BF4B-00C04F79EFBC}") = "BaltaStore.Domain", "BaltaStore.Domain\BaltaStore.Domain.csproj", "{A003099B-D289-44F9-8465-13DF4D598146}"
EndProject
Project("{FAE04EC0-301F-11D3-BF4B-00C04F79EFBC}") = "BaltaStore.Infra", "BaltaStore.Infra\BaltaStore.Infra.csproj", "{FF1735A8-6215-41C8-BD36-697CCCBEB496}"
EndProject
Project("{FAE04EC0-301F-11D3-BF4B-00C04F79EFBC}") = "BaltaStore.Shared", "BaltaStore.Shared\BaltaStore.Shared.csproj", "{FB3B5FC5-306E-42C8-9225-ECD8650995A5}"
EndProject
Project("{FAE04EC0-301F-11D3-BF4B-00C04F79EFBC}") = "BaltaStore.Tests", "BaltaStore.Tests\BaltaStore.Tests.csproj", "{0A67A218-D2EB-4B7C-A2D5-A843D1726C0D}"
EndProject
Global
	GlobalSection(SolutionConfigurationPlatforms) = preSolution
		Debug|Any CPU = Debug|Any CPU
		Debug|x64 = Debug|x64
		Debug|x86 = Debug|x86
		Release|Any CPU = Release|Any CPU
		Release|x64 = Release|x64
		Release|x86 = Release|x86
	EndGlobalSection
	GlobalSection(SolutionProperties) = preSolution
		HideSolutionNode = FALSE
	EndGlobalSection
	GlobalSection(ProjectConfigurationPlatforms) = postSolution
		{FA768CF0-0263-4D3E-A0B4-26ADCBB67979}.Debug|Any CPU.ActiveCfg = Debug|Any CPU
		{FA768CF0-0263-4D3E-A0B4-26ADCBB67979}.Debug|Any CPU.Build.0 = Debug|Any CPU
		{FA768CF0-0263-4D3E-A0B4-26ADCBB67979}.Debug|x64.ActiveCfg = Debug|Any CPU
		{FA768CF0-0263-4D3E-A0B4-26ADCBB67979}.Debug|x64.Build.0 = Debug|Any CPU
		{FA768CF0-0263-4D3E-A0B4-26ADCBB67979}.Debug|x86.ActiveCfg = Debug|Any CPU
		{FA768CF0-0263-4D3E-A0B4-26ADCBB67979}.Debug|x86.Build.0 = Debug|Any CPU
		{FA768CF0-0263-4D3E-A0B4-26ADCBB67979}.Release|Any CPU.ActiveCfg = Release|Any CPU
		{FA768CF0-0263-4D3E-A0B4-26ADCBB67979}.Release|Any CPU.Build.0 = Release|Any CPU
		{FA768CF0-0263-4D3E-A0B4-26ADCBB67979}.Release|x64.ActiveCfg = Release|Any CPU
		{FA768CF0-0263-4D3E-A0B4-26ADCBB67979}.Release|x64.Build.0 = Release|Any CPU
		{FA768CF0-0263-4D3E-A0B4-26ADCBB67979}.Release|x86.ActiveCfg = Release|Any CPU
		{FA768CF0-0263-4D3E-A0B4-26ADCBB67979}.Release|x86.Build.0 = Release|Any CPU
		{A003099B-D289-44F9-8465-13DF4D598146}.Debug|Any CPU.ActiveCfg = Debug|Any CPU
		{A003099B-D289-44F9-8465-13DF4D598146}.Debug|Any CPU.Build.0 = Debug|Any CPU
		{A003099B-D289-44F9-8465-13DF4D598146}.Debug|x64.ActiveCfg = Debug|Any CPU
		{A003099B-D289-44F9-8465-13DF4D598146}.Debug|x64.Build.0 = Debug|Any CPU
		{A003099B-D289-44F9-8465-13DF4D598146}.Debug|x86.ActiveCfg = Debug|Any CPU
		{A003099B-D289-44F9-8465-13DF4D598146}.Debug|x86.Build.0 = Debug|Any CPU
		{A003099B-D289-44F9-8465-13DF4D598146}.Release|Any CPU.ActiveCfg = Release|Any CPU
		{A003099B-D289-44F9-8465-13DF4D598146}.Release|Any CPU.Build.0 = Release|Any CPU
		{A003099B-D289-44F9-8465-13DF4D598146}.Release|x64.ActiveCfg = Release|Any CPU
		{A003099B-D289-44F9-8465-13DF4D598146}.Release|x64.Build.0 = Release|Any CPU
		{A003099B-D289-44F9-8465-13DF4D598146}.Release|x86.ActiveCfg = Release|Any CPU
		{A003099B-D289-44F9-8465-13DF4D598146}.Release|x86.Build.0 = Release|Any CPU
		{FF1735A8-6215-41C8-BD36-697CCCBEB496}.Debug|Any CPU.ActiveCfg = Debug|Any CPU
		{FF1735A8-6215-41C8-BD36-697CCCBEB496}.Debug|Any CPU.Build.0 = Debug|Any CPU
		{FF1735A8-6215-41C8-BD36-697CCCBEB496}.Debug|x64.ActiveCfg = Debug|Any CPU
		{FF1735A8-6215-41C8-BD36-697CCCBEB496}.Debug|x64.Build.0 = Debug|Any CPU
		{FF1735A8-6215-41C8-BD36-697CCCBEB496}.Debug|x86.ActiveCfg = Debug|Any CPU
		{FF1735A8-6215-41C8-BD36-697CCCBEB496}.Debug|x86.Build.0 = Debug|Any CPU
		{FF1735A8-6215-41C8-BD36-697CCCBEB496}.Release|Any CPU.ActiveCfg = Release|Any CPU
		{FF1735A8-6215-41C8-BD36-697CCCBEB496}.Release|Any CPU.Build.0 = Release|Any CPU
		{FF1735A8-6215-41C8-BD36-697CCCBEB496}.Release|x64.ActiveCfg = Release|Any CPU
		{FF1735A8-6215-41C8-BD36-697CCCBEB496}.Release|x64.Build.0 = Release|Any CPU
		{FF1735A8-6215-41C8-BD36-697CCCBEB496}.Release|x86.ActiveCfg = Release|Any CPU
		{FF1735A8-6215-41C8-BD36-697CCCBEB496}.Release|x86.Build.0 = Release|Any CPU
		{FB3B5FC5-306E-42C8-9225-ECD8650995A5}.Debug|Any CPU.ActiveCfg = Debug|Any CPU
		{FB3B5FC5-306E-42C8-9225-ECD8650995A5}.Debug|Any CPU.Build.0 = Debug|Any CPU
		{FB3B5FC5-306E-42C8-9225-ECD8650995A5}.Debug|x64.ActiveCfg = Debug|Any CPU
		{FB3B5FC5-306E-42C8-9225-ECD8650995A5}.Debug|x64.Build.0 = Debug|Any CPU
		{FB3B5FC5-306E-42C8-9225-ECD8650995A5}.Debug|x86.ActiveCfg = Debug|Any CPU
		{FB3B5FC5-306E-42C8-9225-ECD8650995A5}.Debug|x86.Build.0 = Debug|Any CPU
		{FB3B5FC5-306E-42C8-9225-ECD8650995A5}.Release|Any CPU.ActiveCfg = Release|Any CPU
		{FB3B5FC5-306E-42C8-9225-ECD8650995A5}.Release|Any CPU.Build.0 = Release|Any CPU
		{FB3B5FC5-306E-42C8-9225-ECD8650995A5}.Release|x64.ActiveCfg = Release|Any CPU
		{FB3B5FC5-306E-42C8-9225-ECD8650995A5}.Release|x64.Build.0 = Release|Any CPU
		{FB3B5FC5-306E-42C8-9225-ECD8650995A5}.Release|x86.ActiveCfg = Release|Any CPU
		{FB3B5FC5-306E-42C8-9225-ECD8650995A5}.Release|x86.Build.0 = Release|Any CPU
		{0A67A218-D2EB-4B7C-A2D5-A843D1726C0D}.Debug|Any CPU.ActiveCfg = Debug|Any CPU
		{0A67A218-D2EB-4B7C-A2D5-A843D1726C0D}.Debug|Any CPU.Build.0 = Debug|Any CPU
		{0A67A218-D2EB-4B7C-A2D5-A843D1726C0D}.Debug|x64.ActiveCfg = Debug|Any CPU
		{0A67A218-D2EB-4B7C-A2D5-A843D1726C0D}.Debug|x64.Build.0 = Debug|Any CPU
		{0A67A218-D2EB-4B7C-A2D5-A843D1726C0D}.Debug|x86.ActiveCfg = Debug|Any CPU
		{0A67A218-D2EB-4B7C-A2D5-A843D1726C0D}.Debug|x86.Build.0 = Debug|Any CPU
		{0A67A218-D2EB-4B7C-A2D5-A843D1726C0D}.Release|Any CPU.ActiveCfg = Release|Any CPU
		{0A67A218-D2EB-4B7C-A2D5-A843D1726C0D}.Release|Any CPU.Build.0 = Release|Any CPU
		{0A67A218-D2EB-4B7C-A2D5-A843D1726C0D}.Release|x64.ActiveCfg = Release|Any CPU
		{0A67A218-D2EB-4B7C-A2D5-A843D1726C0D}.Release|x64.Build.0 = Release|Any CPU
		{0A67A218-D2EB-4B7C-A2D5-A843D1726C0D}.Release|x86.ActiveCfg = Release|Any CPU
		{0A67A218-D2EB-4B7C-A2D5-A843D1726C0D}.Release|x86.Build.0 = Release|Any CPU
	EndGlobalSection
EndGlobal
